
Microsoft Visual Studio Solution File, Format Version 12.00
# Visual Studio 15
VisualStudioVersion = 15.0.26730.12
MinimumVisualStudioVersion = 10.0.40219.1
Project("{FAE04EC0-301F-11D3-BF4B-00C04F79EFBC}") = "DeletionTool", "DeletionTool\DeletionTool.csproj", "{FCA38A90-BD4B-4958-B90C-9FA89E2B78CA}"
EndProject
Global
	GlobalSection(SolutionConfigurationPlatforms) = preSolution
		Debug|Any CPU = Debug|Any CPU
		Debug|x86 = Debug|x86
		Release|Any CPU = Release|Any CPU
		Release|x86 = Release|x86
	EndGlobalSection
	GlobalSection(ProjectConfigurationPlatforms) = postSolution
		{FCA38A90-BD4B-4958-B90C-9FA89E2B78CA}.Debug|Any CPU.ActiveCfg = Debug|Any CPU
		{FCA38A90-BD4B-4958-B90C-9FA89E2B78CA}.Debug|Any CPU.Build.0 = Debug|Any CPU
		{FCA38A90-BD4B-4958-B90C-9FA89E2B78CA}.Debug|x86.ActiveCfg = Debug|Any CPU
		{FCA38A90-BD4B-4958-B90C-9FA89E2B78CA}.Debug|x86.Build.0 = Debug|Any CPU
		{FCA38A90-BD4B-4958-B90C-9FA89E2B78CA}.Release|Any CPU.ActiveCfg = Release|Any CPU
		{FCA38A90-BD4B-4958-B90C-9FA89E2B78CA}.Release|Any CPU.Build.0 = Release|Any CPU
		{FCA38A90-BD4B-4958-B90C-9FA89E2B78CA}.Release|x86.ActiveCfg = Release|Any CPU
		{FCA38A90-BD4B-4958-B90C-9FA89E2B78CA}.Release|x86.Build.0 = Release|Any CPU
	EndGlobalSection
	GlobalSection(SolutionProperties) = preSolution
		HideSolutionNode = FALSE
	EndGlobalSection
	GlobalSection(ExtensibilityGlobals) = postSolution
		SolutionGuid = {D93D72E3-F739-499F-812F-1BDA2E87467A}
	EndGlobalSection
EndGlobal
